{
  "name": "endorphin",
  "version": "0.1.12",
  "lockfileVersion": 1,
  "requires": true,
  "dependencies": {
    "@endorphinjs/css-module": {
      "version": "0.2.1",
      "resolved": "https://registry.npmjs.org/@endorphinjs/css-module/-/css-module-0.2.1.tgz",
      "integrity": "sha512-mef5bVwlYBQ8kUaNyvZ7EMfkDbymmDMfe8kfyx0qMoPMbHeMdSf3LyD+dGpOwzYLf+QgKpQEkXIUzfWQsPtrmg==",
      "requires": {
        "css-tree": "^1.0.0-alpha.29"
      }
    },
    "@endorphinjs/template-compiler": {
      "version": "0.1.8",
      "resolved": "https://registry.npmjs.org/@endorphinjs/template-compiler/-/template-compiler-0.1.8.tgz",
      "integrity": "sha512-5451QDUUmbBUZefue5w4WmAym61fgWDWSr70XLK8TRwkG9kN1KxHxAcCwUy4HHfdsISrmU2dixMNtw35ZW0ncw==",
      "requires": {
        "acorn": "^6.0.6",
        "source-map": "^0.7.3"
      }
    },
    "@endorphinjs/template-runtime": {
      "version": "0.1.8",
      "resolved": "https://registry.npmjs.org/@endorphinjs/template-runtime/-/template-runtime-0.1.8.tgz",
      "integrity": "sha512-VFMsplO+5Sqtuj+mISjKwmzENd3Y2F0eI3gfscFEeHp301OjDlr5aUn4hJpoH7SsjRy3QJ5lSP46WnM9QVPkqg=="
    },
    "acorn": {
      "version": "6.1.0",
      "resolved": "https://registry.npmjs.org/acorn/-/acorn-6.1.0.tgz",
      "integrity": "sha512-MW/FjM+IvU9CgBzjO3UIPCE2pyEwUsoFl+VGdczOPEdxfGFjuKny/gN54mOuX7Qxmb9Rg9MCn2oKiSUeW+pjrw=="
    },
    "css-tree": {
      "version": "1.0.0-alpha.29",
      "resolved": "https://registry.npmjs.org/css-tree/-/css-tree-1.0.0-alpha.29.tgz",
      "integrity": "sha512-sRNb1XydwkW9IOci6iB2xmy8IGCj6r/fr+JWitvJ2JxQRPzN3T4AGGVWCMlVmVwM1gtgALJRmGIlWv5ppnGGkg==",
      "requires": {
        "mdn-data": "~1.1.0",
        "source-map": "^0.5.3"
      },
      "dependencies": {
        "source-map": {
          "version": "0.5.7",
          "resolved": "https://registry.npmjs.org/source-map/-/source-map-0.5.7.tgz",
          "integrity": "sha1-igOdLRAh0i0eoUyA2OpGi6LvP8w="
        }
      }
    },
    "mdn-data": {
      "version": "1.1.4",
      "resolved": "https://registry.npmjs.org/mdn-data/-/mdn-data-1.1.4.tgz",
      "integrity": "sha512-FSYbp3lyKjyj3E7fMl6rYvUdX0FBXaluGqlFoYESWQlyUTq8R+wp0rkFxoYFqZlHCvsUXGjyJmLQSnXToYhOSA=="
    },
    "source-map": {
      "version": "0.7.3",
      "resolved": "https://registry.npmjs.org/source-map/-/source-map-0.7.3.tgz",
      "integrity": "sha512-CkCj6giN3S+n9qrYiBTX5gystlENnRW5jZeNLHpe6aue+SrHcG5VYwujhW9s4dY31mEGsxBDrHR6oI69fTXsaQ=="
    }
  }
}
