{
  "name": "endorphin",
  "version": "0.1.36",
  "lockfileVersion": 1,
  "requires": true,
  "dependencies": {
    "@endorphinjs/css-module": {
      "version": "0.2.6",
      "resolved": "https://registry.npmjs.org/@endorphinjs/css-module/-/css-module-0.2.6.tgz",
      "integrity": "sha512-a3UTQAqI+YkOeBsqNK9+gjPmFLPm+XS0yE+6ZdCIzLlM880gUtmh7p9vIM1JemvA5Y8s2XdcgAs5vErLw7wluA==",
      "requires": {
        "css-tree": "^1.0.0-alpha.29"
      }
    },
    "@endorphinjs/template-compiler": {
      "version": "0.1.26",
      "resolved": "https://registry.npmjs.org/@endorphinjs/template-compiler/-/template-compiler-0.1.26.tgz",
      "integrity": "sha512-RVC2qcPLeeXj1b8A1HLg2obVnybzctfrk8e4BGRyn7t3eJL1CaOrhDQrzsvJKJrgz86TjlebkpGjRI+MbTAdNA==",
      "requires": {
        "acorn": "^6.1.1",
        "acorn-walk": "^6.1.1",
        "source-map": "^0.7.3"
      }
    },
    "@endorphinjs/template-runtime": {
      "version": "0.1.27",
      "resolved": "https://registry.npmjs.org/@endorphinjs/template-runtime/-/template-runtime-0.1.27.tgz",
      "integrity": "sha512-M6+NWDfhxB0W1moXFyWAfkBfxCHGG+fEyZh4PE4rzjCRH2h0A1nbQX+PO69LBGJFRBqMMuaY0SJFYIgcuCDBRg=="
    },
    "acorn": {
      "version": "6.1.1",
      "resolved": "https://registry.npmjs.org/acorn/-/acorn-6.1.1.tgz",
      "integrity": "sha512-jPTiwtOxaHNaAPg/dmrJ/beuzLRnXtB0kQPQ8JpotKJgTB6rX6c8mlf315941pyjBSaPg8NHXS9fhP4u17DpGA=="
    },
    "acorn-walk": {
      "version": "6.1.1",
      "resolved": "https://registry.npmjs.org/acorn-walk/-/acorn-walk-6.1.1.tgz",
      "integrity": "sha512-OtUw6JUTgxA2QoqqmrmQ7F2NYqiBPi/L2jqHyFtllhOUvXYQXf0Z1CYUinIfyT4bTCGmrA7gX9FvHA81uzCoVw=="
    },
    "css-tree": {
      "version": "1.0.0-alpha.29",
      "resolved": "https://registry.npmjs.org/css-tree/-/css-tree-1.0.0-alpha.29.tgz",
      "integrity": "sha512-sRNb1XydwkW9IOci6iB2xmy8IGCj6r/fr+JWitvJ2JxQRPzN3T4AGGVWCMlVmVwM1gtgALJRmGIlWv5ppnGGkg==",
      "requires": {
        "mdn-data": "~1.1.0",
        "source-map": "^0.5.3"
      },
      "dependencies": {
        "source-map": {
          "version": "0.5.7",
          "resolved": "https://registry.npmjs.org/source-map/-/source-map-0.5.7.tgz",
          "integrity": "sha1-igOdLRAh0i0eoUyA2OpGi6LvP8w="
        }
      }
    },
    "mdn-data": {
      "version": "1.1.4",
      "resolved": "https://registry.npmjs.org/mdn-data/-/mdn-data-1.1.4.tgz",
      "integrity": "sha512-FSYbp3lyKjyj3E7fMl6rYvUdX0FBXaluGqlFoYESWQlyUTq8R+wp0rkFxoYFqZlHCvsUXGjyJmLQSnXToYhOSA=="
    },
    "source-map": {
      "version": "0.7.3",
      "resolved": "https://registry.npmjs.org/source-map/-/source-map-0.7.3.tgz",
      "integrity": "sha512-CkCj6giN3S+n9qrYiBTX5gystlENnRW5jZeNLHpe6aue+SrHcG5VYwujhW9s4dY31mEGsxBDrHR6oI69fTXsaQ=="
    }
  }
}
