{
  "name": "endorphin",
  "version": "0.1.1",
  "lockfileVersion": 1,
  "requires": true,
  "dependencies": {
    "@endorphinjs/template-compiler": {
      "version": "0.1.0",
      "resolved": "https://registry.npmjs.org/@endorphinjs/template-compiler/-/template-compiler-0.1.0.tgz",
      "integrity": "sha512-jMWyeeTN35mMPcHDAsRv6ra7l6wOO3xHqOLQ2Co1Q7WCeF18uPY3rpTXCFMc8XTXCIhacjjSGp1yshVMi7poJQ==",
      "requires": {
        "acorn": "^6.0.6",
        "source-map": "^0.7.3"
      }
    },
    "@endorphinjs/template-runtime": {
      "version": "0.1.0",
      "resolved": "https://registry.npmjs.org/@endorphinjs/template-runtime/-/template-runtime-0.1.0.tgz",
      "integrity": "sha512-HNOB9yf0GIzJnnzCXtiDrieV070GAmoQ0BzKNLFyUXv/nn24QLFA6kcQzy6b1AyvjD7TZqZZRn4r9K5wpD/muQ=="
    },
    "acorn": {
      "version": "6.0.7",
      "resolved": "https://registry.npmjs.org/acorn/-/acorn-6.0.7.tgz",
      "integrity": "sha512-HNJNgE60C9eOTgn974Tlp3dpLZdUr+SoxxDwPaY9J/kDNOLQTkaDgwBUXAF4SSsrAwD9RpdxuHK/EbuF+W9Ahw=="
    },
    "source-map": {
      "version": "0.7.3",
      "resolved": "https://registry.npmjs.org/source-map/-/source-map-0.7.3.tgz",
      "integrity": "sha512-CkCj6giN3S+n9qrYiBTX5gystlENnRW5jZeNLHpe6aue+SrHcG5VYwujhW9s4dY31mEGsxBDrHR6oI69fTXsaQ=="
    }
  }
}
